// !$*UTF8*$!
{
	archiveVersion = 1;
	classes = {
	};
	objectVersion = 46;
	objects = {

/* Begin PBXBuildFile section */
		521F60AB1C2B34B500E39C3A /* ConnectedDrive.framework in Frameworks */ = {isa = PBXBuildFile; fileRef = 521F60A01C2B34B500E39C3A /* ConnectedDrive.framework */; };
		521F60B01C2B34B500E39C3A /* ConnectedDriveTests.swift in Sources */ = {isa = PBXBuildFile; fileRef = 521F60AF1C2B34B500E39C3A /* ConnectedDriveTests.swift */; };
		521F60C91C2B34F800E39C3A /* ConnectedDrive.framework in Frameworks */ = {isa = PBXBuildFile; fileRef = 521F60BF1C2B34F800E39C3A /* ConnectedDrive.framework */; };
		521F60E51C2B350900E39C3A /* ConnectedDrive.framework in Frameworks */ = {isa = PBXBuildFile; fileRef = 521F60DB1C2B350900E39C3A /* ConnectedDrive.framework */; };
		521F61461C2CBB2100E39C3A /* Credentials.swift in Sources */ = {isa = PBXBuildFile; fileRef = 521F61411C2CBB2100E39C3A /* Credentials.swift */; };
		521F61471C2CBB2100E39C3A /* Credentials.swift in Sources */ = {isa = PBXBuildFile; fileRef = 521F61411C2CBB2100E39C3A /* Credentials.swift */; };
		521F61481C2CBB2100E39C3A /* Credentials.swift in Sources */ = {isa = PBXBuildFile; fileRef = 521F61411C2CBB2100E39C3A /* Credentials.swift */; };
		521F61491C2CBB2100E39C3A /* RangeMap.swift in Sources */ = {isa = PBXBuildFile; fileRef = 521F61421C2CBB2100E39C3A /* RangeMap.swift */; };
		521F614A1C2CBB2100E39C3A /* RangeMap.swift in Sources */ = {isa = PBXBuildFile; fileRef = 521F61421C2CBB2100E39C3A /* RangeMap.swift */; };
		521F614B1C2CBB2100E39C3A /* RangeMap.swift in Sources */ = {isa = PBXBuildFile; fileRef = 521F61421C2CBB2100E39C3A /* RangeMap.swift */; };
		521F614C1C2CBB2100E39C3A /* Vehicle.swift in Sources */ = {isa = PBXBuildFile; fileRef = 521F61431C2CBB2100E39C3A /* Vehicle.swift */; };
		521F614D1C2CBB2100E39C3A /* Vehicle.swift in Sources */ = {isa = PBXBuildFile; fileRef = 521F61431C2CBB2100E39C3A /* Vehicle.swift */; };
		521F614E1C2CBB2100E39C3A /* Vehicle.swift in Sources */ = {isa = PBXBuildFile; fileRef = 521F61431C2CBB2100E39C3A /* Vehicle.swift */; };
		521F614F1C2CBB2100E39C3A /* VehicleError.swift in Sources */ = {isa = PBXBuildFile; fileRef = 521F61441C2CBB2100E39C3A /* VehicleError.swift */; };
		521F61501C2CBB2100E39C3A /* VehicleError.swift in Sources */ = {isa = PBXBuildFile; fileRef = 521F61441C2CBB2100E39C3A /* VehicleError.swift */; };
		521F61511C2CBB2100E39C3A /* VehicleError.swift in Sources */ = {isa = PBXBuildFile; fileRef = 521F61441C2CBB2100E39C3A /* VehicleError.swift */; };
		521F61521C2CBB2100E39C3A /* VehicleStatus.swift in Sources */ = {isa = PBXBuildFile; fileRef = 521F61451C2CBB2100E39C3A /* VehicleStatus.swift */; };
		521F61531C2CBB2100E39C3A /* VehicleStatus.swift in Sources */ = {isa = PBXBuildFile; fileRef = 521F61451C2CBB2100E39C3A /* VehicleStatus.swift */; };
		521F61541C2CBB2100E39C3A /* VehicleStatus.swift in Sources */ = {isa = PBXBuildFile; fileRef = 521F61451C2CBB2100E39C3A /* VehicleStatus.swift */; };
		521F615B1C2CBB3500E39C3A /* ConnectedDrive.swift in Sources */ = {isa = PBXBuildFile; fileRef = 521F61551C2CBB3500E39C3A /* ConnectedDrive.swift */; };
		521F615C1C2CBB3500E39C3A /* ConnectedDrive.swift in Sources */ = {isa = PBXBuildFile; fileRef = 521F61551C2CBB3500E39C3A /* ConnectedDrive.swift */; };
		521F615D1C2CBB3500E39C3A /* ConnectedDrive.swift in Sources */ = {isa = PBXBuildFile; fileRef = 521F61551C2CBB3500E39C3A /* ConnectedDrive.swift */; };
		521F615E1C2CBB3500E39C3A /* ConnectedDriveEnums.swift in Sources */ = {isa = PBXBuildFile; fileRef = 521F61561C2CBB3500E39C3A /* ConnectedDriveEnums.swift */; };
		521F615F1C2CBB3500E39C3A /* ConnectedDriveEnums.swift in Sources */ = {isa = PBXBuildFile; fileRef = 521F61561C2CBB3500E39C3A /* ConnectedDriveEnums.swift */; };
		521F61601C2CBB3500E39C3A /* ConnectedDriveEnums.swift in Sources */ = {isa = PBXBuildFile; fileRef = 521F61561C2CBB3500E39C3A /* ConnectedDriveEnums.swift */; };
		521F61611C2CBB3500E39C3A /* Decodable.swift in Sources */ = {isa = PBXBuildFile; fileRef = 521F61571C2CBB3500E39C3A /* Decodable.swift */; };
		521F61621C2CBB3500E39C3A /* Decodable.swift in Sources */ = {isa = PBXBuildFile; fileRef = 521F61571C2CBB3500E39C3A /* Decodable.swift */; };
		521F61631C2CBB3500E39C3A /* Decodable.swift in Sources */ = {isa = PBXBuildFile; fileRef = 521F61571C2CBB3500E39C3A /* Decodable.swift */; };
		521F61641C2CBB3500E39C3A /* Keychain.swift in Sources */ = {isa = PBXBuildFile; fileRef = 521F61581C2CBB3500E39C3A /* Keychain.swift */; };
		521F61651C2CBB3500E39C3A /* Keychain.swift in Sources */ = {isa = PBXBuildFile; fileRef = 521F61581C2CBB3500E39C3A /* Keychain.swift */; };
		521F61661C2CBB3500E39C3A /* Keychain.swift in Sources */ = {isa = PBXBuildFile; fileRef = 521F61581C2CBB3500E39C3A /* Keychain.swift */; };
		521F61671C2CBB3500E39C3A /* Router.swift in Sources */ = {isa = PBXBuildFile; fileRef = 521F61591C2CBB3500E39C3A /* Router.swift */; };
		521F61681C2CBB3500E39C3A /* Router.swift in Sources */ = {isa = PBXBuildFile; fileRef = 521F61591C2CBB3500E39C3A /* Router.swift */; };
		521F61691C2CBB3500E39C3A /* Router.swift in Sources */ = {isa = PBXBuildFile; fileRef = 521F61591C2CBB3500E39C3A /* Router.swift */; };
		521F616A1C2CBB3500E39C3A /* Serializer.swift in Sources */ = {isa = PBXBuildFile; fileRef = 521F615A1C2CBB3500E39C3A /* Serializer.swift */; };
		521F616B1C2CBB3500E39C3A /* Serializer.swift in Sources */ = {isa = PBXBuildFile; fileRef = 521F615A1C2CBB3500E39C3A /* Serializer.swift */; };
		521F616C1C2CBB3500E39C3A /* Serializer.swift in Sources */ = {isa = PBXBuildFile; fileRef = 521F615A1C2CBB3500E39C3A /* Serializer.swift */; };
		521F617D1C2E441B00E39C3A /* Localizable.strings in Resources */ = {isa = PBXBuildFile; fileRef = 521F617B1C2E441B00E39C3A /* Localizable.strings */; };
		521F617E1C2E441B00E39C3A /* Localizable.strings in Resources */ = {isa = PBXBuildFile; fileRef = 521F617B1C2E441B00E39C3A /* Localizable.strings */; };
		521F617F1C2E441B00E39C3A /* Localizable.strings in Resources */ = {isa = PBXBuildFile; fileRef = 521F617B1C2E441B00E39C3A /* Localizable.strings */; };
		52314B6F1C2F4BE70073D632 /* ExecutionStatus.swift in Sources */ = {isa = PBXBuildFile; fileRef = 52314B6E1C2F4BE70073D632 /* ExecutionStatus.swift */; };
		52314B701C2F4BE70073D632 /* ExecutionStatus.swift in Sources */ = {isa = PBXBuildFile; fileRef = 52314B6E1C2F4BE70073D632 /* ExecutionStatus.swift */; };
		52314B711C2F4BE70073D632 /* ExecutionStatus.swift in Sources */ = {isa = PBXBuildFile; fileRef = 52314B6E1C2F4BE70073D632 /* ExecutionStatus.swift */; };
/* End PBXBuildFile section */

/* Begin PBXContainerItemProxy section */
		521F60AC1C2B34B500E39C3A /* PBXContainerItemProxy */ = {
			isa = PBXContainerItemProxy;
			containerPortal = 521F60971C2B34B500E39C3A /* Project object */;
			proxyType = 1;
			remoteGlobalIDString = 521F609F1C2B34B500E39C3A;
			remoteInfo = ConnectedDrive;
		};
		521F60CA1C2B34F800E39C3A /* PBXContainerItemProxy */ = {
			isa = PBXContainerItemProxy;
			containerPortal = 521F60971C2B34B500E39C3A /* Project object */;
			proxyType = 1;
			remoteGlobalIDString = 521F60BE1C2B34F800E39C3A;
			remoteInfo = "ConnectedDrive iOS";
		};
		521F60E61C2B350900E39C3A /* PBXContainerItemProxy */ = {
			isa = PBXContainerItemProxy;
			containerPortal = 521F60971C2B34B500E39C3A /* Project object */;
			proxyType = 1;
			remoteGlobalIDString = 521F60DA1C2B350900E39C3A;
			remoteInfo = "ConnectedDrive tvOS";
		};
/* End PBXContainerItemProxy section */

/* Begin PBXFileReference section */
		521F60A01C2B34B500E39C3A /* ConnectedDrive.framework */ = {isa = PBXFileReference; explicitFileType = wrapper.framework; includeInIndex = 0; path = ConnectedDrive.framework; sourceTree = BUILT_PRODUCTS_DIR; };
		521F60A51C2B34B500E39C3A /* Info.plist */ = {isa = PBXFileReference; lastKnownFileType = text.plist.xml; name = Info.plist; path = ConnectedDrive/Info.plist; sourceTree = "<group>"; };
		521F60AA1C2B34B500E39C3A /* ConnectedDrive OSX Tests.xctest */ = {isa = PBXFileReference; explicitFileType = wrapper.cfbundle; includeInIndex = 0; path = "ConnectedDrive OSX Tests.xctest"; sourceTree = BUILT_PRODUCTS_DIR; };
		521F60AF1C2B34B500E39C3A /* ConnectedDriveTests.swift */ = {isa = PBXFileReference; lastKnownFileType = sourcecode.swift; path = ConnectedDriveTests.swift; sourceTree = "<group>"; };
		521F60B11C2B34B500E39C3A /* Info.plist */ = {isa = PBXFileReference; lastKnownFileType = text.plist.xml; path = Info.plist; sourceTree = "<group>"; };
		521F60BF1C2B34F800E39C3A /* ConnectedDrive.framework */ = {isa = PBXFileReference; explicitFileType = wrapper.framework; includeInIndex = 0; path = ConnectedDrive.framework; sourceTree = BUILT_PRODUCTS_DIR; };
		521F60C81C2B34F800E39C3A /* ConnectedDrive iOSTests.xctest */ = {isa = PBXFileReference; explicitFileType = wrapper.cfbundle; includeInIndex = 0; path = "ConnectedDrive iOSTests.xctest"; sourceTree = BUILT_PRODUCTS_DIR; };
		521F60DB1C2B350900E39C3A /* ConnectedDrive.framework */ = {isa = PBXFileReference; explicitFileType = wrapper.framework; includeInIndex = 0; path = ConnectedDrive.framework; sourceTree = BUILT_PRODUCTS_DIR; };
		521F60E41C2B350900E39C3A /* ConnectedDrive tvOSTests.xctest */ = {isa = PBXFileReference; explicitFileType = wrapper.cfbundle; includeInIndex = 0; path = "ConnectedDrive tvOSTests.xctest"; sourceTree = BUILT_PRODUCTS_DIR; };
		521F613F1C2CBA6700E39C3A /* Info-tvOS.plist */ = {isa = PBXFileReference; lastKnownFileType = text.plist.xml; name = "Info-tvOS.plist"; path = "ConnectedDrive/Info-tvOS.plist"; sourceTree = "<group>"; };
		521F61411C2CBB2100E39C3A /* Credentials.swift */ = {isa = PBXFileReference; fileEncoding = 4; lastKnownFileType = sourcecode.swift; name = Credentials.swift; path = ConnectedDrive/Credentials.swift; sourceTree = "<group>"; };
		521F61421C2CBB2100E39C3A /* RangeMap.swift */ = {isa = PBXFileReference; fileEncoding = 4; lastKnownFileType = sourcecode.swift; name = RangeMap.swift; path = ConnectedDrive/RangeMap.swift; sourceTree = "<group>"; };
		521F61431C2CBB2100E39C3A /* Vehicle.swift */ = {isa = PBXFileReference; fileEncoding = 4; lastKnownFileType = sourcecode.swift; name = Vehicle.swift; path = ConnectedDrive/Vehicle.swift; sourceTree = "<group>"; };
		521F61441C2CBB2100E39C3A /* VehicleError.swift */ = {isa = PBXFileReference; fileEncoding = 4; lastKnownFileType = sourcecode.swift; name = VehicleError.swift; path = ConnectedDrive/VehicleError.swift; sourceTree = "<group>"; };
		521F61451C2CBB2100E39C3A /* VehicleStatus.swift */ = {isa = PBXFileReference; fileEncoding = 4; lastKnownFileType = sourcecode.swift; name = VehicleStatus.swift; path = ConnectedDrive/VehicleStatus.swift; sourceTree = "<group>"; };
		521F61551C2CBB3500E39C3A /* ConnectedDrive.swift */ = {isa = PBXFileReference; fileEncoding = 4; lastKnownFileType = sourcecode.swift; name = ConnectedDrive.swift; path = ConnectedDrive/ConnectedDrive.swift; sourceTree = "<group>"; };
		521F61561C2CBB3500E39C3A /* ConnectedDriveEnums.swift */ = {isa = PBXFileReference; fileEncoding = 4; lastKnownFileType = sourcecode.swift; name = ConnectedDriveEnums.swift; path = ConnectedDrive/ConnectedDriveEnums.swift; sourceTree = "<group>"; };
		521F61571C2CBB3500E39C3A /* Decodable.swift */ = {isa = PBXFileReference; fileEncoding = 4; lastKnownFileType = sourcecode.swift; name = Decodable.swift; path = ConnectedDrive/Decodable.swift; sourceTree = "<group>"; };
		521F61581C2CBB3500E39C3A /* Keychain.swift */ = {isa = PBXFileReference; fileEncoding = 4; lastKnownFileType = sourcecode.swift; name = Keychain.swift; path = ConnectedDrive/Keychain.swift; sourceTree = "<group>"; };
		521F61591C2CBB3500E39C3A /* Router.swift */ = {isa = PBXFileReference; fileEncoding = 4; lastKnownFileType = sourcecode.swift; name = Router.swift; path = ConnectedDrive/Router.swift; sourceTree = "<group>"; };
		521F615A1C2CBB3500E39C3A /* Serializer.swift */ = {isa = PBXFileReference; fileEncoding = 4; lastKnownFileType = sourcecode.swift; name = Serializer.swift; path = ConnectedDrive/Serializer.swift; sourceTree = "<group>"; };
		521F616E1C2CBD7000E39C3A /* ConnectedDrive.h */ = {isa = PBXFileReference; lastKnownFileType = sourcecode.c.h; name = ConnectedDrive.h; path = ConnectedDrive/ConnectedDrive.h; sourceTree = "<group>"; };
		521F617C1C2E441B00E39C3A /* en */ = {isa = PBXFileReference; lastKnownFileType = text.plist.strings; name = en; path = ConnectedDrive/en.lproj/Localizable.strings; sourceTree = "<group>"; };
		52314B6E1C2F4BE70073D632 /* ExecutionStatus.swift */ = {isa = PBXFileReference; fileEncoding = 4; lastKnownFileType = sourcecode.swift; name = ExecutionStatus.swift; path = ConnectedDrive/ExecutionStatus.swift; sourceTree = "<group>"; };
/* End PBXFileReference section */

/* Begin PBXFrameworksBuildPhase section */
		521F609C1C2B34B500E39C3A /* Frameworks */ = {
			isa = PBXFrameworksBuildPhase;
			buildActionMask = 2147483647;
			files = (
			);
			runOnlyForDeploymentPostprocessing = 0;
		};
		521F60A71C2B34B500E39C3A /* Frameworks */ = {
			isa = PBXFrameworksBuildPhase;
			buildActionMask = 2147483647;
			files = (
				521F60AB1C2B34B500E39C3A /* ConnectedDrive.framework in Frameworks */,
			);
			runOnlyForDeploymentPostprocessing = 0;
		};
		521F60BB1C2B34F800E39C3A /* Frameworks */ = {
			isa = PBXFrameworksBuildPhase;
			buildActionMask = 2147483647;
			files = (
			);
			runOnlyForDeploymentPostprocessing = 0;
		};
		521F60C51C2B34F800E39C3A /* Frameworks */ = {
			isa = PBXFrameworksBuildPhase;
			buildActionMask = 2147483647;
			files = (
				521F60C91C2B34F800E39C3A /* ConnectedDrive.framework in Frameworks */,
			);
			runOnlyForDeploymentPostprocessing = 0;
		};
		521F60D71C2B350900E39C3A /* Frameworks */ = {
			isa = PBXFrameworksBuildPhase;
			buildActionMask = 2147483647;
			files = (
			);
			runOnlyForDeploymentPostprocessing = 0;
		};
		521F60E11C2B350900E39C3A /* Frameworks */ = {
			isa = PBXFrameworksBuildPhase;
			buildActionMask = 2147483647;
			files = (
				521F60E51C2B350900E39C3A /* ConnectedDrive.framework in Frameworks */,
			);
			runOnlyForDeploymentPostprocessing = 0;
		};
/* End PBXFrameworksBuildPhase section */

/* Begin PBXGroup section */
		521F60961C2B34B500E39C3A = {
			isa = PBXGroup;
			children = (
				521F613B1C2CB98C00E39C3A /* Source */,
				521F60AE1C2B34B500E39C3A /* ConnectedDriveTests */,
				521F60A11C2B34B500E39C3A /* Products */,
			);
			sourceTree = "<group>";
		};
		521F60A11C2B34B500E39C3A /* Products */ = {
			isa = PBXGroup;
			children = (
				521F60A01C2B34B500E39C3A /* ConnectedDrive.framework */,
				521F60AA1C2B34B500E39C3A /* ConnectedDrive OSX Tests.xctest */,
				521F60BF1C2B34F800E39C3A /* ConnectedDrive.framework */,
				521F60C81C2B34F800E39C3A /* ConnectedDrive iOSTests.xctest */,
				521F60DB1C2B350900E39C3A /* ConnectedDrive.framework */,
				521F60E41C2B350900E39C3A /* ConnectedDrive tvOSTests.xctest */,
			);
			name = Products;
			sourceTree = "<group>";
		};
		521F60AE1C2B34B500E39C3A /* ConnectedDriveTests */ = {
			isa = PBXGroup;
			children = (
				521F60AF1C2B34B500E39C3A /* ConnectedDriveTests.swift */,
				521F60B11C2B34B500E39C3A /* Info.plist */,
			);
			path = ConnectedDriveTests;
			sourceTree = "<group>";
		};
		521F613B1C2CB98C00E39C3A /* Source */ = {
			isa = PBXGroup;
			children = (
				521F61551C2CBB3500E39C3A /* ConnectedDrive.swift */,
				521F61561C2CBB3500E39C3A /* ConnectedDriveEnums.swift */,
				521F61571C2CBB3500E39C3A /* Decodable.swift */,
				521F61581C2CBB3500E39C3A /* Keychain.swift */,
				521F61591C2CBB3500E39C3A /* Router.swift */,
				521F615A1C2CBB3500E39C3A /* Serializer.swift */,
				521F61401C2CBAFA00E39C3A /* Models */,
				521F613C1C2CB99200E39C3A /* Supporting Files */,
			);
			name = Source;
			sourceTree = "<group>";
		};
		521F613C1C2CB99200E39C3A /* Supporting Files */ = {
			isa = PBXGroup;
			children = (
				521F616E1C2CBD7000E39C3A /* ConnectedDrive.h */,
				521F60A51C2B34B500E39C3A /* Info.plist */,
				521F613F1C2CBA6700E39C3A /* Info-tvOS.plist */,
				521F617B1C2E441B00E39C3A /* Localizable.strings */,
			);
			name = "Supporting Files";
			sourceTree = "<group>";
		};
		521F61401C2CBAFA00E39C3A /* Models */ = {
			isa = PBXGroup;
			children = (
				521F61411C2CBB2100E39C3A /* Credentials.swift */,
				521F61421C2CBB2100E39C3A /* RangeMap.swift */,
				521F61431C2CBB2100E39C3A /* Vehicle.swift */,
				521F61441C2CBB2100E39C3A /* VehicleError.swift */,
				521F61451C2CBB2100E39C3A /* VehicleStatus.swift */,
				52314B6E1C2F4BE70073D632 /* ExecutionStatus.swift */,
			);
			name = Models;
			sourceTree = "<group>";
		};
/* End PBXGroup section */

/* Begin PBXHeadersBuildPhase section */
		521F609D1C2B34B500E39C3A /* Headers */ = {
			isa = PBXHeadersBuildPhase;
			buildActionMask = 2147483647;
			files = (
			);
			runOnlyForDeploymentPostprocessing = 0;
		};
		521F60BC1C2B34F800E39C3A /* Headers */ = {
			isa = PBXHeadersBuildPhase;
			buildActionMask = 2147483647;
			files = (
			);
			runOnlyForDeploymentPostprocessing = 0;
		};
		521F60D81C2B350900E39C3A /* Headers */ = {
			isa = PBXHeadersBuildPhase;
			buildActionMask = 2147483647;
			files = (
			);
			runOnlyForDeploymentPostprocessing = 0;
		};
/* End PBXHeadersBuildPhase section */

/* Begin PBXNativeTarget section */
		521F609F1C2B34B500E39C3A /* ConnectedDrive OSX */ = {
			isa = PBXNativeTarget;
			buildConfigurationList = 521F60B41C2B34B500E39C3A /* Build configuration list for PBXNativeTarget "ConnectedDrive OSX" */;
			buildPhases = (
				521F609B1C2B34B500E39C3A /* Sources */,
				521F609C1C2B34B500E39C3A /* Frameworks */,
				521F609D1C2B34B500E39C3A /* Headers */,
				521F609E1C2B34B500E39C3A /* Resources */,
			);
			buildRules = (
			);
			dependencies = (
			);
			name = "ConnectedDrive OSX";
			productName = ConnectedDrive;
			productReference = 521F60A01C2B34B500E39C3A /* ConnectedDrive.framework */;
			productType = "com.apple.product-type.framework";
		};
		521F60A91C2B34B500E39C3A /* ConnectedDrive OSX Tests */ = {
			isa = PBXNativeTarget;
			buildConfigurationList = 521F60B71C2B34B500E39C3A /* Build configuration list for PBXNativeTarget "ConnectedDrive OSX Tests" */;
			buildPhases = (
				521F60A61C2B34B500E39C3A /* Sources */,
				521F60A71C2B34B500E39C3A /* Frameworks */,
				521F60A81C2B34B500E39C3A /* Resources */,
			);
			buildRules = (
			);
			dependencies = (
				521F60AD1C2B34B500E39C3A /* PBXTargetDependency */,
			);
			name = "ConnectedDrive OSX Tests";
			productName = ConnectedDriveTests;
			productReference = 521F60AA1C2B34B500E39C3A /* ConnectedDrive OSX Tests.xctest */;
			productType = "com.apple.product-type.bundle.unit-test";
		};
		521F60BE1C2B34F800E39C3A /* ConnectedDrive iOS */ = {
			isa = PBXNativeTarget;
			buildConfigurationList = 521F60D01C2B34F800E39C3A /* Build configuration list for PBXNativeTarget "ConnectedDrive iOS" */;
			buildPhases = (
				521F60BA1C2B34F800E39C3A /* Sources */,
				521F60BB1C2B34F800E39C3A /* Frameworks */,
				521F60BC1C2B34F800E39C3A /* Headers */,
				521F60BD1C2B34F800E39C3A /* Resources */,
			);
			buildRules = (
			);
			dependencies = (
			);
			name = "ConnectedDrive iOS";
			productName = "ConnectedDrive iOS";
			productReference = 521F60BF1C2B34F800E39C3A /* ConnectedDrive.framework */;
			productType = "com.apple.product-type.framework";
		};
		521F60C71C2B34F800E39C3A /* ConnectedDrive iOSTests */ = {
			isa = PBXNativeTarget;
			buildConfigurationList = 521F60D31C2B34F800E39C3A /* Build configuration list for PBXNativeTarget "ConnectedDrive iOSTests" */;
			buildPhases = (
				521F60C41C2B34F800E39C3A /* Sources */,
				521F60C51C2B34F800E39C3A /* Frameworks */,
				521F60C61C2B34F800E39C3A /* Resources */,
			);
			buildRules = (
			);
			dependencies = (
				521F60CB1C2B34F800E39C3A /* PBXTargetDependency */,
			);
			name = "ConnectedDrive iOSTests";
			productName = "ConnectedDrive iOSTests";
			productReference = 521F60C81C2B34F800E39C3A /* ConnectedDrive iOSTests.xctest */;
			productType = "com.apple.product-type.bundle.unit-test";
		};
		521F60DA1C2B350900E39C3A /* ConnectedDrive tvOS */ = {
			isa = PBXNativeTarget;
			buildConfigurationList = 521F60EC1C2B350900E39C3A /* Build configuration list for PBXNativeTarget "ConnectedDrive tvOS" */;
			buildPhases = (
				521F60D61C2B350900E39C3A /* Sources */,
				521F60D71C2B350900E39C3A /* Frameworks */,
				521F60D81C2B350900E39C3A /* Headers */,
				521F60D91C2B350900E39C3A /* Resources */,
			);
			buildRules = (
			);
			dependencies = (
			);
			name = "ConnectedDrive tvOS";
			productName = "ConnectedDrive tvOS";
			productReference = 521F60DB1C2B350900E39C3A /* ConnectedDrive.framework */;
			productType = "com.apple.product-type.framework";
		};
		521F60E31C2B350900E39C3A /* ConnectedDrive tvOSTests */ = {
			isa = PBXNativeTarget;
			buildConfigurationList = 521F60EF1C2B350900E39C3A /* Build configuration list for PBXNativeTarget "ConnectedDrive tvOSTests" */;
			buildPhases = (
				521F60E01C2B350900E39C3A /* Sources */,
				521F60E11C2B350900E39C3A /* Frameworks */,
				521F60E21C2B350900E39C3A /* Resources */,
			);
			buildRules = (
			);
			dependencies = (
				521F60E71C2B350900E39C3A /* PBXTargetDependency */,
			);
			name = "ConnectedDrive tvOSTests";
			productName = "ConnectedDrive tvOSTests";
			productReference = 521F60E41C2B350900E39C3A /* ConnectedDrive tvOSTests.xctest */;
			productType = "com.apple.product-type.bundle.unit-test";
		};
/* End PBXNativeTarget section */

/* Begin PBXProject section */
		521F60971C2B34B500E39C3A /* Project object */ = {
			isa = PBXProject;
			attributes = {
				LastSwiftUpdateCheck = 0720;
				LastUpgradeCheck = 0720;
				ORGANIZATIONNAME = "Ronald Mannak";
				TargetAttributes = {
					521F609F1C2B34B500E39C3A = {
						CreatedOnToolsVersion = 7.2;
						LastSwiftMigration = 0800;
					};
					521F60A91C2B34B500E39C3A = {
						CreatedOnToolsVersion = 7.2;
						LastSwiftMigration = 0800;
					};
					521F60BE1C2B34F800E39C3A = {
						CreatedOnToolsVersion = 7.2;
					};
					521F60C71C2B34F800E39C3A = {
						CreatedOnToolsVersion = 7.2;
					};
					521F60DA1C2B350900E39C3A = {
						CreatedOnToolsVersion = 7.2;
					};
					521F60E31C2B350900E39C3A = {
						CreatedOnToolsVersion = 7.2;
					};
				};
			};
			buildConfigurationList = 521F609A1C2B34B500E39C3A /* Build configuration list for PBXProject "ConnectedDrive" */;
			compatibilityVersion = "Xcode 3.2";
			developmentRegion = English;
			hasScannedForEncodings = 0;
			knownRegions = (
				en,
			);
			mainGroup = 521F60961C2B34B500E39C3A;
			productRefGroup = 521F60A11C2B34B500E39C3A /* Products */;
			projectDirPath = "";
			projectRoot = "";
			targets = (
				521F609F1C2B34B500E39C3A /* ConnectedDrive OSX */,
				521F60A91C2B34B500E39C3A /* ConnectedDrive OSX Tests */,
				521F60BE1C2B34F800E39C3A /* ConnectedDrive iOS */,
				521F60C71C2B34F800E39C3A /* ConnectedDrive iOSTests */,
				521F60DA1C2B350900E39C3A /* ConnectedDrive tvOS */,
				521F60E31C2B350900E39C3A /* ConnectedDrive tvOSTests */,
			);
		};
/* End PBXProject section */

/* Begin PBXResourcesBuildPhase section */
		521F609E1C2B34B500E39C3A /* Resources */ = {
			isa = PBXResourcesBuildPhase;
			buildActionMask = 2147483647;
			files = (
				521F617D1C2E441B00E39C3A /* Localizable.strings in Resources */,
			);
			runOnlyForDeploymentPostprocessing = 0;
		};
		521F60A81C2B34B500E39C3A /* Resources */ = {
			isa = PBXResourcesBuildPhase;
			buildActionMask = 2147483647;
			files = (
			);
			runOnlyForDeploymentPostprocessing = 0;
		};
		521F60BD1C2B34F800E39C3A /* Resources */ = {
			isa = PBXResourcesBuildPhase;
			buildActionMask = 2147483647;
			files = (
				521F617E1C2E441B00E39C3A /* Localizable.strings in Resources */,
			);
			runOnlyForDeploymentPostprocessing = 0;
		};
		521F60C61C2B34F800E39C3A /* Resources */ = {
			isa = PBXResourcesBuildPhase;
			buildActionMask = 2147483647;
			files = (
			);
			runOnlyForDeploymentPostprocessing = 0;
		};
		521F60D91C2B350900E39C3A /* Resources */ = {
			isa = PBXResourcesBuildPhase;
			buildActionMask = 2147483647;
			files = (
				521F617F1C2E441B00E39C3A /* Localizable.strings in Resources */,
			);
			runOnlyForDeploymentPostprocessing = 0;
		};
		521F60E21C2B350900E39C3A /* Resources */ = {
			isa = PBXResourcesBuildPhase;
			buildActionMask = 2147483647;
			files = (
			);
			runOnlyForDeploymentPostprocessing = 0;
		};
/* End PBXResourcesBuildPhase section */

/* Begin PBXSourcesBuildPhase section */
		521F609B1C2B34B500E39C3A /* Sources */ = {
			isa = PBXSourcesBuildPhase;
			buildActionMask = 2147483647;
			files = (
				521F614C1C2CBB2100E39C3A /* Vehicle.swift in Sources */,
				521F615E1C2CBB3500E39C3A /* ConnectedDriveEnums.swift in Sources */,
				521F61671C2CBB3500E39C3A /* Router.swift in Sources */,
				521F61491C2CBB2100E39C3A /* RangeMap.swift in Sources */,
				52314B6F1C2F4BE70073D632 /* ExecutionStatus.swift in Sources */,
				521F61461C2CBB2100E39C3A /* Credentials.swift in Sources */,
				521F616A1C2CBB3500E39C3A /* Serializer.swift in Sources */,
				521F614F1C2CBB2100E39C3A /* VehicleError.swift in Sources */,
				521F61641C2CBB3500E39C3A /* Keychain.swift in Sources */,
				521F61611C2CBB3500E39C3A /* Decodable.swift in Sources */,
				521F615B1C2CBB3500E39C3A /* ConnectedDrive.swift in Sources */,
				521F61521C2CBB2100E39C3A /* VehicleStatus.swift in Sources */,
			);
			runOnlyForDeploymentPostprocessing = 0;
		};
		521F60A61C2B34B500E39C3A /* Sources */ = {
			isa = PBXSourcesBuildPhase;
			buildActionMask = 2147483647;
			files = (
				521F60B01C2B34B500E39C3A /* ConnectedDriveTests.swift in Sources */,
			);
			runOnlyForDeploymentPostprocessing = 0;
		};
		521F60BA1C2B34F800E39C3A /* Sources */ = {
			isa = PBXSourcesBuildPhase;
			buildActionMask = 2147483647;
			files = (
				521F614D1C2CBB2100E39C3A /* Vehicle.swift in Sources */,
				521F615F1C2CBB3500E39C3A /* ConnectedDriveEnums.swift in Sources */,
				521F61681C2CBB3500E39C3A /* Router.swift in Sources */,
				521F614A1C2CBB2100E39C3A /* RangeMap.swift in Sources */,
				52314B701C2F4BE70073D632 /* ExecutionStatus.swift in Sources */,
				521F61471C2CBB2100E39C3A /* Credentials.swift in Sources */,
				521F616B1C2CBB3500E39C3A /* Serializer.swift in Sources */,
				521F61501C2CBB2100E39C3A /* VehicleError.swift in Sources */,
				521F61651C2CBB3500E39C3A /* Keychain.swift in Sources */,
				521F61621C2CBB3500E39C3A /* Decodable.swift in Sources */,
				521F615C1C2CBB3500E39C3A /* ConnectedDrive.swift in Sources */,
				521F61531C2CBB2100E39C3A /* VehicleStatus.swift in Sources */,
			);
			runOnlyForDeploymentPostprocessing = 0;
		};
		521F60C41C2B34F800E39C3A /* Sources */ = {
			isa = PBXSourcesBuildPhase;
			buildActionMask = 2147483647;
			files = (
			);
			runOnlyForDeploymentPostprocessing = 0;
		};
		521F60D61C2B350900E39C3A /* Sources */ = {
			isa = PBXSourcesBuildPhase;
			buildActionMask = 2147483647;
			files = (
				521F614E1C2CBB2100E39C3A /* Vehicle.swift in Sources */,
				521F61601C2CBB3500E39C3A /* ConnectedDriveEnums.swift in Sources */,
				521F61691C2CBB3500E39C3A /* Router.swift in Sources */,
				521F614B1C2CBB2100E39C3A /* RangeMap.swift in Sources */,
				52314B711C2F4BE70073D632 /* ExecutionStatus.swift in Sources */,
				521F61481C2CBB2100E39C3A /* Credentials.swift in Sources */,
				521F616C1C2CBB3500E39C3A /* Serializer.swift in Sources */,
				521F61511C2CBB2100E39C3A /* VehicleError.swift in Sources */,
				521F61661C2CBB3500E39C3A /* Keychain.swift in Sources */,
				521F61631C2CBB3500E39C3A /* Decodable.swift in Sources */,
				521F615D1C2CBB3500E39C3A /* ConnectedDrive.swift in Sources */,
				521F61541C2CBB2100E39C3A /* VehicleStatus.swift in Sources */,
			);
			runOnlyForDeploymentPostprocessing = 0;
		};
		521F60E01C2B350900E39C3A /* Sources */ = {
			isa = PBXSourcesBuildPhase;
			buildActionMask = 2147483647;
			files = (
			);
			runOnlyForDeploymentPostprocessing = 0;
		};
/* End PBXSourcesBuildPhase section */

/* Begin PBXTargetDependency section */
		521F60AD1C2B34B500E39C3A /* PBXTargetDependency */ = {
			isa = PBXTargetDependency;
			target = 521F609F1C2B34B500E39C3A /* ConnectedDrive OSX */;
			targetProxy = 521F60AC1C2B34B500E39C3A /* PBXContainerItemProxy */;
		};
		521F60CB1C2B34F800E39C3A /* PBXTargetDependency */ = {
			isa = PBXTargetDependency;
			target = 521F60BE1C2B34F800E39C3A /* ConnectedDrive iOS */;
			targetProxy = 521F60CA1C2B34F800E39C3A /* PBXContainerItemProxy */;
		};
		521F60E71C2B350900E39C3A /* PBXTargetDependency */ = {
			isa = PBXTargetDependency;
			target = 521F60DA1C2B350900E39C3A /* ConnectedDrive tvOS */;
			targetProxy = 521F60E61C2B350900E39C3A /* PBXContainerItemProxy */;
		};
/* End PBXTargetDependency section */

/* Begin PBXVariantGroup section */
		521F617B1C2E441B00E39C3A /* Localizable.strings */ = {
			isa = PBXVariantGroup;
			children = (
				521F617C1C2E441B00E39C3A /* en */,
			);
			name = Localizable.strings;
			sourceTree = "<group>";
		};
/* End PBXVariantGroup section */

/* Begin XCBuildConfiguration section */
		521F60B21C2B34B500E39C3A /* Debug */ = {
			isa = XCBuildConfiguration;
			buildSettings = {
				ALWAYS_SEARCH_USER_PATHS = NO;
				CLANG_CXX_LANGUAGE_STANDARD = "gnu++0x";
				CLANG_CXX_LIBRARY = "libc++";
				CLANG_ENABLE_MODULES = YES;
				CLANG_ENABLE_OBJC_ARC = YES;
				CLANG_WARN_BOOL_CONVERSION = YES;
				CLANG_WARN_CONSTANT_CONVERSION = YES;
				CLANG_WARN_DIRECT_OBJC_ISA_USAGE = YES_ERROR;
				CLANG_WARN_EMPTY_BODY = YES;
				CLANG_WARN_ENUM_CONVERSION = YES;
				CLANG_WARN_INT_CONVERSION = YES;
				CLANG_WARN_OBJC_ROOT_CLASS = YES_ERROR;
				CLANG_WARN_UNREACHABLE_CODE = YES;
				CLANG_WARN__DUPLICATE_METHOD_MATCH = YES;
				CODE_SIGN_IDENTITY = "-";
				COPY_PHASE_STRIP = NO;
				CURRENT_PROJECT_VERSION = 1;
				DEBUG_INFORMATION_FORMAT = dwarf;
				ENABLE_STRICT_OBJC_MSGSEND = YES;
				ENABLE_TESTABILITY = YES;
				GCC_C_LANGUAGE_STANDARD = gnu99;
				GCC_DYNAMIC_NO_PIC = NO;
				GCC_NO_COMMON_BLOCKS = YES;
				GCC_OPTIMIZATION_LEVEL = 0;
				GCC_PREPROCESSOR_DEFINITIONS = (
					"DEBUG=1",
					"$(inherited)",
				);
				GCC_WARN_64_TO_32_BIT_CONVERSION = YES;
				GCC_WARN_ABOUT_RETURN_TYPE = YES_ERROR;
				GCC_WARN_UNDECLARED_SELECTOR = YES;
				GCC_WARN_UNINITIALIZED_AUTOS = YES_AGGRESSIVE;
				GCC_WARN_UNUSED_FUNCTION = YES;
				GCC_WARN_UNUSED_VARIABLE = YES;
				IPHONEOS_DEPLOYMENT_TARGET = 8.0;
				MACOSX_DEPLOYMENT_TARGET = 10.10;
				MTL_ENABLE_DEBUG_INFO = YES;
				ONLY_ACTIVE_ARCH = YES;
				SDKROOT = macosx;
				SWIFT_OPTIMIZATION_LEVEL = "-Onone";
				VERSIONING_SYSTEM = "apple-generic";
				VERSION_INFO_PREFIX = "";
			};
			name = Debug;
		};
		521F60B31C2B34B500E39C3A /* Release */ = {
			isa = XCBuildConfiguration;
			buildSettings = {
				ALWAYS_SEARCH_USER_PATHS = NO;
				CLANG_CXX_LANGUAGE_STANDARD = "gnu++0x";
				CLANG_CXX_LIBRARY = "libc++";
				CLANG_ENABLE_MODULES = YES;
				CLANG_ENABLE_OBJC_ARC = YES;
				CLANG_WARN_BOOL_CONVERSION = YES;
				CLANG_WARN_CONSTANT_CONVERSION = YES;
				CLANG_WARN_DIRECT_OBJC_ISA_USAGE = YES_ERROR;
				CLANG_WARN_EMPTY_BODY = YES;
				CLANG_WARN_ENUM_CONVERSION = YES;
				CLANG_WARN_INT_CONVERSION = YES;
				CLANG_WARN_OBJC_ROOT_CLASS = YES_ERROR;
				CLANG_WARN_UNREACHABLE_CODE = YES;
				CLANG_WARN__DUPLICATE_METHOD_MATCH = YES;
				CODE_SIGN_IDENTITY = "-";
				COPY_PHASE_STRIP = NO;
				CURRENT_PROJECT_VERSION = 1;
				DEBUG_INFORMATION_FORMAT = "dwarf-with-dsym";
				ENABLE_NS_ASSERTIONS = NO;
				ENABLE_STRICT_OBJC_MSGSEND = YES;
				GCC_C_LANGUAGE_STANDARD = gnu99;
				GCC_NO_COMMON_BLOCKS = YES;
				GCC_WARN_64_TO_32_BIT_CONVERSION = YES;
				GCC_WARN_ABOUT_RETURN_TYPE = YES_ERROR;
				GCC_WARN_UNDECLARED_SELECTOR = YES;
				GCC_WARN_UNINITIALIZED_AUTOS = YES_AGGRESSIVE;
				GCC_WARN_UNUSED_FUNCTION = YES;
				GCC_WARN_UNUSED_VARIABLE = YES;
				IPHONEOS_DEPLOYMENT_TARGET = 8.0;
				MACOSX_DEPLOYMENT_TARGET = 10.10;
				MTL_ENABLE_DEBUG_INFO = NO;
				SDKROOT = macosx;
				VERSIONING_SYSTEM = "apple-generic";
				VERSION_INFO_PREFIX = "";
			};
			name = Release;
		};
		521F60B51C2B34B500E39C3A /* Debug */ = {
			isa = XCBuildConfiguration;
			buildSettings = {
				CLANG_ENABLE_MODULES = YES;
				COMBINE_HIDPI_IMAGES = YES;
				DEFINES_MODULE = YES;
				DYLIB_COMPATIBILITY_VERSION = 1;
				DYLIB_CURRENT_VERSION = 1;
				DYLIB_INSTALL_NAME_BASE = "@rpath";
				FRAMEWORK_VERSION = A;
				INFOPLIST_FILE = ConnectedDrive/Info.plist;
				INSTALL_PATH = "$(LOCAL_LIBRARY_DIR)/Frameworks";
				LD_RUNPATH_SEARCH_PATHS = "$(inherited) @executable_path/../Frameworks @loader_path/Frameworks";
				PRODUCT_BUNDLE_IDENTIFIER = com.ronaldmannak.ConnectedDrive;
				PRODUCT_NAME = ConnectedDrive;
				SKIP_INSTALL = YES;
				SWIFT_OPTIMIZATION_LEVEL = "-Onone";
				SWIFT_VERSION = 3.0;
			};
			name = Debug;
		};
		521F60B61C2B34B500E39C3A /* Release */ = {
			isa = XCBuildConfiguration;
			buildSettings = {
				CLANG_ENABLE_MODULES = YES;
				COMBINE_HIDPI_IMAGES = YES;
				DEFINES_MODULE = YES;
				DYLIB_COMPATIBILITY_VERSION = 1;
				DYLIB_CURRENT_VERSION = 1;
				DYLIB_INSTALL_NAME_BASE = "@rpath";
				FRAMEWORK_VERSION = A;
				INFOPLIST_FILE = ConnectedDrive/Info.plist;
				INSTALL_PATH = "$(LOCAL_LIBRARY_DIR)/Frameworks";
				LD_RUNPATH_SEARCH_PATHS = "$(inherited) @executable_path/../Frameworks @loader_path/Frameworks";
				PRODUCT_BUNDLE_IDENTIFIER = com.ronaldmannak.ConnectedDrive;
				PRODUCT_NAME = ConnectedDrive;
				SKIP_INSTALL = YES;
				SWIFT_VERSION = 3.0;
			};
			name = Release;
		};
		521F60B81C2B34B500E39C3A /* Debug */ = {
			isa = XCBuildConfiguration;
			buildSettings = {
				COMBINE_HIDPI_IMAGES = YES;
				INFOPLIST_FILE = ConnectedDriveTests/Info.plist;
				LD_RUNPATH_SEARCH_PATHS = "$(inherited) @executable_path/../Frameworks @loader_path/../Frameworks";
				PRODUCT_BUNDLE_IDENTIFIER = com.ronaldmannak.ConnectedDriveTests;
				PRODUCT_NAME = "$(TARGET_NAME)";
				SWIFT_VERSION = 3.0;
			};
			name = Debug;
		};
		521F60B91C2B34B500E39C3A /* Release */ = {
			isa = XCBuildConfiguration;
			buildSettings = {
				COMBINE_HIDPI_IMAGES = YES;
				INFOPLIST_FILE = ConnectedDriveTests/Info.plist;
				LD_RUNPATH_SEARCH_PATHS = "$(inherited) @executable_path/../Frameworks @loader_path/../Frameworks";
				PRODUCT_BUNDLE_IDENTIFIER = com.ronaldmannak.ConnectedDriveTests;
				PRODUCT_NAME = "$(TARGET_NAME)";
				SWIFT_VERSION = 3.0;
			};
			name = Release;
		};
		521F60D11C2B34F800E39C3A /* Debug */ = {
			isa = XCBuildConfiguration;
			buildSettings = {
				CLANG_ENABLE_MODULES = YES;
				"CODE_SIGN_IDENTITY[sdk=iphoneos*]" = "iPhone Developer";
				DEFINES_MODULE = YES;
				DYLIB_COMPATIBILITY_VERSION = 1;
				DYLIB_CURRENT_VERSION = 1;
				DYLIB_INSTALL_NAME_BASE = "@rpath";
				INFOPLIST_FILE = ConnectedDrive/Info.plist;
				INSTALL_PATH = "$(LOCAL_LIBRARY_DIR)/Frameworks";
				IPHONEOS_DEPLOYMENT_TARGET = 8.0;
				LD_RUNPATH_SEARCH_PATHS = "$(inherited) @executable_path/Frameworks @loader_path/Frameworks";
				PRODUCT_BUNDLE_IDENTIFIER = "com.ronaldmannak.ConnectedDrive-iOS";
				PRODUCT_NAME = ConnectedDrive;
				SDKROOT = iphoneos;
				SKIP_INSTALL = YES;
				SWIFT_OPTIMIZATION_LEVEL = "-Onone";
				TARGETED_DEVICE_FAMILY = "1,2";
			};
			name = Debug;
		};
		521F60D21C2B34F800E39C3A /* Release */ = {
			isa = XCBuildConfiguration;
			buildSettings = {
				CLANG_ENABLE_MODULES = YES;
				"CODE_SIGN_IDENTITY[sdk=iphoneos*]" = "iPhone Developer";
				DEFINES_MODULE = YES;
				DYLIB_COMPATIBILITY_VERSION = 1;
				DYLIB_CURRENT_VERSION = 1;
				DYLIB_INSTALL_NAME_BASE = "@rpath";
				INFOPLIST_FILE = ConnectedDrive/Info.plist;
				INSTALL_PATH = "$(LOCAL_LIBRARY_DIR)/Frameworks";
				IPHONEOS_DEPLOYMENT_TARGET = 8.0;
				LD_RUNPATH_SEARCH_PATHS = "$(inherited) @executable_path/Frameworks @loader_path/Frameworks";
				PRODUCT_BUNDLE_IDENTIFIER = "com.ronaldmannak.ConnectedDrive-iOS";
				PRODUCT_NAME = ConnectedDrive;
				SDKROOT = iphoneos;
				SKIP_INSTALL = YES;
				TARGETED_DEVICE_FAMILY = "1,2";
				VALIDATE_PRODUCT = YES;
			};
			name = Release;
		};
		521F60D41C2B34F800E39C3A /* Debug */ = {
			isa = XCBuildConfiguration;
			buildSettings = {
				"CODE_SIGN_IDENTITY[sdk=iphoneos*]" = "iPhone Developer";
				INFOPLIST_FILE = "ConnectedDrive iOSTests/Info.plist";
				IPHONEOS_DEPLOYMENT_TARGET = 9.2;
				LD_RUNPATH_SEARCH_PATHS = "$(inherited) @executable_path/Frameworks @loader_path/Frameworks";
				PRODUCT_BUNDLE_IDENTIFIER = "com.ronaldmannak.ConnectedDrive-iOSTests";
				PRODUCT_NAME = "$(TARGET_NAME)";
				SDKROOT = iphoneos;
			};
			name = Debug;
		};
		521F60D51C2B34F800E39C3A /* Release */ = {
			isa = XCBuildConfiguration;
			buildSettings = {
				"CODE_SIGN_IDENTITY[sdk=iphoneos*]" = "iPhone Developer";
				INFOPLIST_FILE = "ConnectedDrive iOSTests/Info.plist";
				IPHONEOS_DEPLOYMENT_TARGET = 9.2;
				LD_RUNPATH_SEARCH_PATHS = "$(inherited) @executable_path/Frameworks @loader_path/Frameworks";
				PRODUCT_BUNDLE_IDENTIFIER = "com.ronaldmannak.ConnectedDrive-iOSTests";
				PRODUCT_NAME = "$(TARGET_NAME)";
				SDKROOT = iphoneos;
				VALIDATE_PRODUCT = YES;
			};
			name = Release;
		};
		521F60ED1C2B350900E39C3A /* Debug */ = {
			isa = XCBuildConfiguration;
			buildSettings = {
				ALWAYS_SEARCH_USER_PATHS = NO;
				CLANG_ENABLE_MODULES = YES;
				"CODE_SIGN_IDENTITY[sdk=iphoneos*]" = "iPhone Developer";
				DEFINES_MODULE = YES;
				DYLIB_COMPATIBILITY_VERSION = 1;
				DYLIB_CURRENT_VERSION = 1;
				DYLIB_INSTALL_NAME_BASE = "@rpath";
				HEADER_SEARCH_PATHS = "";
				INFOPLIST_FILE = "ConnectedDrive/Info-tvOS.plist";
				INSTALL_PATH = "$(LOCAL_LIBRARY_DIR)/Frameworks";
				IPHONEOS_DEPLOYMENT_TARGET = 9.0;
				LD_RUNPATH_SEARCH_PATHS = "$(inherited) @executable_path/Frameworks @loader_path/Frameworks";
				PRODUCT_BUNDLE_IDENTIFIER = "com.ronaldmannak.ConnectedDrive-tvOS";
				PRODUCT_NAME = ConnectedDrive;
				SDKROOT = iphoneos;
				SKIP_INSTALL = YES;
				SWIFT_OPTIMIZATION_LEVEL = "-Onone";
				TARGETED_DEVICE_FAMILY = "1,2";
			};
			name = Debug;
		};
		521F60EE1C2B350900E39C3A /* Release */ = {
			isa = XCBuildConfiguration;
			buildSettings = {
				ALWAYS_SEARCH_USER_PATHS = NO;
				CLANG_ENABLE_MODULES = YES;
				"CODE_SIGN_IDENTITY[sdk=iphoneos*]" = "iPhone Developer";
				DEFINES_MODULE = YES;
				DYLIB_COMPATIBILITY_VERSION = 1;
				DYLIB_CURRENT_VERSION = 1;
				DYLIB_INSTALL_NAME_BASE = "@rpath";
				HEADER_SEARCH_PATHS = "";
				INFOPLIST_FILE = "ConnectedDrive/Info-tvOS.plist";
				INSTALL_PATH = "$(LOCAL_LIBRARY_DIR)/Frameworks";
				IPHONEOS_DEPLOYMENT_TARGET = 9.0;
				LD_RUNPATH_SEARCH_PATHS = "$(inherited) @executable_path/Frameworks @loader_path/Frameworks";
				PRODUCT_BUNDLE_IDENTIFIER = "com.ronaldmannak.ConnectedDrive-tvOS";
				PRODUCT_NAME = ConnectedDrive;
				SDKROOT = iphoneos;
				SKIP_INSTALL = YES;
				TARGETED_DEVICE_FAMILY = "1,2";
				VALIDATE_PRODUCT = YES;
			};
			name = Release;
		};
		521F60F01C2B350900E39C3A /* Debug */ = {
			isa = XCBuildConfiguration;
			buildSettings = {
				"CODE_SIGN_IDENTITY[sdk=iphoneos*]" = "iPhone Developer";
				INFOPLIST_FILE = "ConnectedDrive tvOSTests/Info.plist";
				IPHONEOS_DEPLOYMENT_TARGET = 9.2;
				LD_RUNPATH_SEARCH_PATHS = "$(inherited) @executable_path/Frameworks @loader_path/Frameworks";
				PRODUCT_BUNDLE_IDENTIFIER = "com.ronaldmannak.ConnectedDrive-tvOSTests";
				PRODUCT_NAME = "$(TARGET_NAME)";
				SDKROOT = iphoneos;
			};
			name = Debug;
		};
		521F60F11C2B350900E39C3A /* Release */ = {
			isa = XCBuildConfiguration;
			buildSettings = {
				"CODE_SIGN_IDENTITY[sdk=iphoneos*]" = "iPhone Developer";
				INFOPLIST_FILE = "ConnectedDrive tvOSTests/Info.plist";
				IPHONEOS_DEPLOYMENT_TARGET = 9.2;
				LD_RUNPATH_SEARCH_PATHS = "$(inherited) @executable_path/Frameworks @loader_path/Frameworks";
				PRODUCT_BUNDLE_IDENTIFIER = "com.ronaldmannak.ConnectedDrive-tvOSTests";
				PRODUCT_NAME = "$(TARGET_NAME)";
				SDKROOT = iphoneos;
				VALIDATE_PRODUCT = YES;
			};
			name = Release;
		};
/* End XCBuildConfiguration section */

/* Begin XCConfigurationList section */
		521F609A1C2B34B500E39C3A /* Build configuration list for PBXProject "ConnectedDrive" */ = {
			isa = XCConfigurationList;
			buildConfigurations = (
				521F60B21C2B34B500E39C3A /* Debug */,
				521F60B31C2B34B500E39C3A /* Release */,
			);
			defaultConfigurationIsVisible = 0;
			defaultConfigurationName = Release;
		};
		521F60B41C2B34B500E39C3A /* Build configuration list for PBXNativeTarget "ConnectedDrive OSX" */ = {
			isa = XCConfigurationList;
			buildConfigurations = (
				521F60B51C2B34B500E39C3A /* Debug */,
				521F60B61C2B34B500E39C3A /* Release */,
			);
			defaultConfigurationIsVisible = 0;
			defaultConfigurationName = Release;
		};
		521F60B71C2B34B500E39C3A /* Build configuration list for PBXNativeTarget "ConnectedDrive OSX Tests" */ = {
			isa = XCConfigurationList;
			buildConfigurations = (
				521F60B81C2B34B500E39C3A /* Debug */,
				521F60B91C2B34B500E39C3A /* Release */,
			);
			defaultConfigurationIsVisible = 0;
			defaultConfigurationName = Release;
		};
		521F60D01C2B34F800E39C3A /* Build configuration list for PBXNativeTarget "ConnectedDrive iOS" */ = {
			isa = XCConfigurationList;
			buildConfigurations = (
				521F60D11C2B34F800E39C3A /* Debug */,
				521F60D21C2B34F800E39C3A /* Release */,
			);
			defaultConfigurationIsVisible = 0;
			defaultConfigurationName = Release;
		};
		521F60D31C2B34F800E39C3A /* Build configuration list for PBXNativeTarget "ConnectedDrive iOSTests" */ = {
			isa = XCConfigurationList;
			buildConfigurations = (
				521F60D41C2B34F800E39C3A /* Debug */,
				521F60D51C2B34F800E39C3A /* Release */,
			);
			defaultConfigurationIsVisible = 0;
			defaultConfigurationName = Release;
		};
		521F60EC1C2B350900E39C3A /* Build configuration list for PBXNativeTarget "ConnectedDrive tvOS" */ = {
			isa = XCConfigurationList;
			buildConfigurations = (
				521F60ED1C2B350900E39C3A /* Debug */,
				521F60EE1C2B350900E39C3A /* Release */,
			);
			defaultConfigurationIsVisible = 0;
			defaultConfigurationName = Release;
		};
		521F60EF1C2B350900E39C3A /* Build configuration list for PBXNativeTarget "ConnectedDrive tvOSTests" */ = {
			isa = XCConfigurationList;
			buildConfigurations = (
				521F60F01C2B350900E39C3A /* Debug */,
				521F60F11C2B350900E39C3A /* Release */,
			);
			defaultConfigurationIsVisible = 0;
			defaultConfigurationName = Release;
		};
/* End XCConfigurationList section */
	};
	rootObject = 521F60971C2B34B500E39C3A /* Project object */;
}
