// !$*UTF8*$!
{
	archiveVersion = 1;
	classes = {
	};
	objectVersion = 46;
	objects = {

/* Begin PBXBuildFile section */
		521F60FF1C2B355700E39C3A /* AppDelegate.swift in Sources */ = {isa = PBXBuildFile; fileRef = 521F60FE1C2B355700E39C3A /* AppDelegate.swift */; };
		521F61011C2B355700E39C3A /* Assets.xcassets in Resources */ = {isa = PBXBuildFile; fileRef = 521F61001C2B355700E39C3A /* Assets.xcassets */; };
		521F61041C2B355700E39C3A /* MainMenu.xib in Resources */ = {isa = PBXBuildFile; fileRef = 521F61021C2B355700E39C3A /* MainMenu.xib */; };
		521F610F1C2B355700E39C3A /* ExampleOSXTests.swift in Sources */ = {isa = PBXBuildFile; fileRef = 521F610E1C2B355700E39C3A /* ExampleOSXTests.swift */; };
		521F611C1C2B374200E39C3A /* EventMonitor.swift in Sources */ = {isa = PBXBuildFile; fileRef = 521F611B1C2B374200E39C3A /* EventMonitor.swift */; };
		521F611F1C2B375F00E39C3A /* LoginViewController.swift in Sources */ = {isa = PBXBuildFile; fileRef = 521F611D1C2B375F00E39C3A /* LoginViewController.swift */; };
		521F61201C2B375F00E39C3A /* LoginViewController.xib in Resources */ = {isa = PBXBuildFile; fileRef = 521F611E1C2B375F00E39C3A /* LoginViewController.xib */; };
		521F612C1C2B379B00E39C3A /* ConnectedDrive.swift in Sources */ = {isa = PBXBuildFile; fileRef = 521F61211C2B379B00E39C3A /* ConnectedDrive.swift */; };
		521F612D1C2B379B00E39C3A /* ConnectedDriveEnums.swift in Sources */ = {isa = PBXBuildFile; fileRef = 521F61221C2B379B00E39C3A /* ConnectedDriveEnums.swift */; };
		521F612E1C2B379B00E39C3A /* Credentials.swift in Sources */ = {isa = PBXBuildFile; fileRef = 521F61231C2B379B00E39C3A /* Credentials.swift */; };
		521F612F1C2B379B00E39C3A /* Decodable.swift in Sources */ = {isa = PBXBuildFile; fileRef = 521F61241C2B379B00E39C3A /* Decodable.swift */; };
		521F61301C2B379B00E39C3A /* Keychain.swift in Sources */ = {isa = PBXBuildFile; fileRef = 521F61251C2B379B00E39C3A /* Keychain.swift */; };
		521F61311C2B379B00E39C3A /* RangeMap.swift in Sources */ = {isa = PBXBuildFile; fileRef = 521F61261C2B379B00E39C3A /* RangeMap.swift */; };
		521F61321C2B379B00E39C3A /* Router.swift in Sources */ = {isa = PBXBuildFile; fileRef = 521F61271C2B379B00E39C3A /* Router.swift */; };
		521F61331C2B379B00E39C3A /* Serializer.swift in Sources */ = {isa = PBXBuildFile; fileRef = 521F61281C2B379B00E39C3A /* Serializer.swift */; };
		521F61341C2B379B00E39C3A /* Vehicle.swift in Sources */ = {isa = PBXBuildFile; fileRef = 521F61291C2B379B00E39C3A /* Vehicle.swift */; };
		521F61351C2B379B00E39C3A /* VehicleError.swift in Sources */ = {isa = PBXBuildFile; fileRef = 521F612A1C2B379B00E39C3A /* VehicleError.swift */; };
		521F61361C2B379B00E39C3A /* VehicleStatus.swift in Sources */ = {isa = PBXBuildFile; fileRef = 521F612B1C2B379B00E39C3A /* VehicleStatus.swift */; };
/* End PBXBuildFile section */

/* Begin PBXContainerItemProxy section */
		521F610B1C2B355700E39C3A /* PBXContainerItemProxy */ = {
			isa = PBXContainerItemProxy;
			containerPortal = 521F60F31C2B355700E39C3A /* Project object */;
			proxyType = 1;
			remoteGlobalIDString = 521F60FA1C2B355700E39C3A;
			remoteInfo = ExampleOSX;
		};
/* End PBXContainerItemProxy section */

/* Begin PBXFileReference section */
		521F60FB1C2B355700E39C3A /* ExampleOSX.app */ = {isa = PBXFileReference; explicitFileType = wrapper.application; includeInIndex = 0; path = ExampleOSX.app; sourceTree = BUILT_PRODUCTS_DIR; };
		521F60FE1C2B355700E39C3A /* AppDelegate.swift */ = {isa = PBXFileReference; lastKnownFileType = sourcecode.swift; path = AppDelegate.swift; sourceTree = "<group>"; };
		521F61001C2B355700E39C3A /* Assets.xcassets */ = {isa = PBXFileReference; lastKnownFileType = folder.assetcatalog; path = Assets.xcassets; sourceTree = "<group>"; };
		521F61031C2B355700E39C3A /* Base */ = {isa = PBXFileReference; lastKnownFileType = file.xib; name = Base; path = Base.lproj/MainMenu.xib; sourceTree = "<group>"; };
		521F61051C2B355700E39C3A /* Info.plist */ = {isa = PBXFileReference; lastKnownFileType = text.plist.xml; path = Info.plist; sourceTree = "<group>"; };
		521F610A1C2B355700E39C3A /* ExampleOSXTests.xctest */ = {isa = PBXFileReference; explicitFileType = wrapper.cfbundle; includeInIndex = 0; path = ExampleOSXTests.xctest; sourceTree = BUILT_PRODUCTS_DIR; };
		521F610E1C2B355700E39C3A /* ExampleOSXTests.swift */ = {isa = PBXFileReference; lastKnownFileType = sourcecode.swift; path = ExampleOSXTests.swift; sourceTree = "<group>"; };
		521F61101C2B355700E39C3A /* Info.plist */ = {isa = PBXFileReference; lastKnownFileType = text.plist.xml; path = Info.plist; sourceTree = "<group>"; };
		521F611B1C2B374200E39C3A /* EventMonitor.swift */ = {isa = PBXFileReference; fileEncoding = 4; lastKnownFileType = sourcecode.swift; path = EventMonitor.swift; sourceTree = "<group>"; };
		521F611D1C2B375F00E39C3A /* LoginViewController.swift */ = {isa = PBXFileReference; fileEncoding = 4; lastKnownFileType = sourcecode.swift; path = LoginViewController.swift; sourceTree = "<group>"; };
		521F611E1C2B375F00E39C3A /* LoginViewController.xib */ = {isa = PBXFileReference; fileEncoding = 4; lastKnownFileType = file.xib; path = LoginViewController.xib; sourceTree = "<group>"; };
		521F61211C2B379B00E39C3A /* ConnectedDrive.swift */ = {isa = PBXFileReference; fileEncoding = 4; lastKnownFileType = sourcecode.swift; name = ConnectedDrive.swift; path = ../../ConnectedDrive/ConnectedDrive.swift; sourceTree = "<group>"; };
		521F61221C2B379B00E39C3A /* ConnectedDriveEnums.swift */ = {isa = PBXFileReference; fileEncoding = 4; lastKnownFileType = sourcecode.swift; name = ConnectedDriveEnums.swift; path = ../../ConnectedDrive/ConnectedDriveEnums.swift; sourceTree = "<group>"; };
		521F61231C2B379B00E39C3A /* Credentials.swift */ = {isa = PBXFileReference; fileEncoding = 4; lastKnownFileType = sourcecode.swift; name = Credentials.swift; path = ../../ConnectedDrive/Credentials.swift; sourceTree = "<group>"; };
		521F61241C2B379B00E39C3A /* Decodable.swift */ = {isa = PBXFileReference; fileEncoding = 4; lastKnownFileType = sourcecode.swift; name = Decodable.swift; path = ../../ConnectedDrive/Decodable.swift; sourceTree = "<group>"; };
		521F61251C2B379B00E39C3A /* Keychain.swift */ = {isa = PBXFileReference; fileEncoding = 4; lastKnownFileType = sourcecode.swift; name = Keychain.swift; path = ../../ConnectedDrive/Keychain.swift; sourceTree = "<group>"; };
		521F61261C2B379B00E39C3A /* RangeMap.swift */ = {isa = PBXFileReference; fileEncoding = 4; lastKnownFileType = sourcecode.swift; name = RangeMap.swift; path = ../../ConnectedDrive/RangeMap.swift; sourceTree = "<group>"; };
		521F61271C2B379B00E39C3A /* Router.swift */ = {isa = PBXFileReference; fileEncoding = 4; lastKnownFileType = sourcecode.swift; name = Router.swift; path = ../../ConnectedDrive/Router.swift; sourceTree = "<group>"; };
		521F61281C2B379B00E39C3A /* Serializer.swift */ = {isa = PBXFileReference; fileEncoding = 4; lastKnownFileType = sourcecode.swift; name = Serializer.swift; path = ../../ConnectedDrive/Serializer.swift; sourceTree = "<group>"; };
		521F61291C2B379B00E39C3A /* Vehicle.swift */ = {isa = PBXFileReference; fileEncoding = 4; lastKnownFileType = sourcecode.swift; name = Vehicle.swift; path = ../../ConnectedDrive/Vehicle.swift; sourceTree = "<group>"; };
		521F612A1C2B379B00E39C3A /* VehicleError.swift */ = {isa = PBXFileReference; fileEncoding = 4; lastKnownFileType = sourcecode.swift; name = VehicleError.swift; path = ../../ConnectedDrive/VehicleError.swift; sourceTree = "<group>"; };
		521F612B1C2B379B00E39C3A /* VehicleStatus.swift */ = {isa = PBXFileReference; fileEncoding = 4; lastKnownFileType = sourcecode.swift; name = VehicleStatus.swift; path = ../../ConnectedDrive/VehicleStatus.swift; sourceTree = "<group>"; };
/* End PBXFileReference section */

/* Begin PBXFrameworksBuildPhase section */
		521F60F81C2B355700E39C3A /* Frameworks */ = {
			isa = PBXFrameworksBuildPhase;
			buildActionMask = 2147483647;
			files = (
			);
			runOnlyForDeploymentPostprocessing = 0;
		};
		521F61071C2B355700E39C3A /* Frameworks */ = {
			isa = PBXFrameworksBuildPhase;
			buildActionMask = 2147483647;
			files = (
			);
			runOnlyForDeploymentPostprocessing = 0;
		};
/* End PBXFrameworksBuildPhase section */

/* Begin PBXGroup section */
		521F60F21C2B355700E39C3A = {
			isa = PBXGroup;
			children = (
				521F611A1C2B372100E39C3A /* ConnectedDrive */,
				521F60FD1C2B355700E39C3A /* ExampleOSX */,
				521F610D1C2B355700E39C3A /* ExampleOSXTests */,
				521F60FC1C2B355700E39C3A /* Products */,
			);
			sourceTree = "<group>";
		};
		521F60FC1C2B355700E39C3A /* Products */ = {
			isa = PBXGroup;
			children = (
				521F60FB1C2B355700E39C3A /* ExampleOSX.app */,
				521F610A1C2B355700E39C3A /* ExampleOSXTests.xctest */,
			);
			name = Products;
			sourceTree = "<group>";
		};
		521F60FD1C2B355700E39C3A /* ExampleOSX */ = {
			isa = PBXGroup;
			children = (
				521F60FE1C2B355700E39C3A /* AppDelegate.swift */,
				521F611B1C2B374200E39C3A /* EventMonitor.swift */,
				521F61001C2B355700E39C3A /* Assets.xcassets */,
				521F611D1C2B375F00E39C3A /* LoginViewController.swift */,
				521F611E1C2B375F00E39C3A /* LoginViewController.xib */,
				521F61021C2B355700E39C3A /* MainMenu.xib */,
				521F61051C2B355700E39C3A /* Info.plist */,
			);
			path = ExampleOSX;
			sourceTree = "<group>";
		};
		521F610D1C2B355700E39C3A /* ExampleOSXTests */ = {
			isa = PBXGroup;
			children = (
				521F610E1C2B355700E39C3A /* ExampleOSXTests.swift */,
				521F61101C2B355700E39C3A /* Info.plist */,
			);
			path = ExampleOSXTests;
			sourceTree = "<group>";
		};
		521F611A1C2B372100E39C3A /* ConnectedDrive */ = {
			isa = PBXGroup;
			children = (
				521F61211C2B379B00E39C3A /* ConnectedDrive.swift */,
				521F61221C2B379B00E39C3A /* ConnectedDriveEnums.swift */,
				521F61231C2B379B00E39C3A /* Credentials.swift */,
				521F61241C2B379B00E39C3A /* Decodable.swift */,
				521F61251C2B379B00E39C3A /* Keychain.swift */,
				521F61261C2B379B00E39C3A /* RangeMap.swift */,
				521F61271C2B379B00E39C3A /* Router.swift */,
				521F61281C2B379B00E39C3A /* Serializer.swift */,
				521F61291C2B379B00E39C3A /* Vehicle.swift */,
				521F612A1C2B379B00E39C3A /* VehicleError.swift */,
				521F612B1C2B379B00E39C3A /* VehicleStatus.swift */,
			);
			name = ConnectedDrive;
			sourceTree = "<group>";
		};
/* End PBXGroup section */

/* Begin PBXNativeTarget section */
		521F60FA1C2B355700E39C3A /* ExampleOSX */ = {
			isa = PBXNativeTarget;
			buildConfigurationList = 521F61131C2B355700E39C3A /* Build configuration list for PBXNativeTarget "ExampleOSX" */;
			buildPhases = (
				521F60F71C2B355700E39C3A /* Sources */,
				521F60F81C2B355700E39C3A /* Frameworks */,
				521F60F91C2B355700E39C3A /* Resources */,
			);
			buildRules = (
			);
			dependencies = (
			);
			name = ExampleOSX;
			productName = ExampleOSX;
			productReference = 521F60FB1C2B355700E39C3A /* ExampleOSX.app */;
			productType = "com.apple.product-type.application";
		};
		521F61091C2B355700E39C3A /* ExampleOSXTests */ = {
			isa = PBXNativeTarget;
			buildConfigurationList = 521F61161C2B355700E39C3A /* Build configuration list for PBXNativeTarget "ExampleOSXTests" */;
			buildPhases = (
				521F61061C2B355700E39C3A /* Sources */,
				521F61071C2B355700E39C3A /* Frameworks */,
				521F61081C2B355700E39C3A /* Resources */,
			);
			buildRules = (
			);
			dependencies = (
				521F610C1C2B355700E39C3A /* PBXTargetDependency */,
			);
			name = ExampleOSXTests;
			productName = ExampleOSXTests;
			productReference = 521F610A1C2B355700E39C3A /* ExampleOSXTests.xctest */;
			productType = "com.apple.product-type.bundle.unit-test";
		};
/* End PBXNativeTarget section */

/* Begin PBXProject section */
		521F60F31C2B355700E39C3A /* Project object */ = {
			isa = PBXProject;
			attributes = {
				LastSwiftUpdateCheck = 0720;
				LastUpgradeCheck = 0720;
				ORGANIZATIONNAME = "Ronald Mannak";
				TargetAttributes = {
					521F60FA1C2B355700E39C3A = {
						CreatedOnToolsVersion = 7.2;
					};
					521F61091C2B355700E39C3A = {
						CreatedOnToolsVersion = 7.2;
						TestTargetID = 521F60FA1C2B355700E39C3A;
					};
				};
			};
			buildConfigurationList = 521F60F61C2B355700E39C3A /* Build configuration list for PBXProject "ExampleOSX" */;
			compatibilityVersion = "Xcode 3.2";
			developmentRegion = English;
			hasScannedForEncodings = 0;
			knownRegions = (
				en,
				Base,
			);
			mainGroup = 521F60F21C2B355700E39C3A;
			productRefGroup = 521F60FC1C2B355700E39C3A /* Products */;
			projectDirPath = "";
			projectRoot = "";
			targets = (
				521F60FA1C2B355700E39C3A /* ExampleOSX */,
				521F61091C2B355700E39C3A /* ExampleOSXTests */,
			);
		};
/* End PBXProject section */

/* Begin PBXResourcesBuildPhase section */
		521F60F91C2B355700E39C3A /* Resources */ = {
			isa = PBXResourcesBuildPhase;
			buildActionMask = 2147483647;
			files = (
				521F61011C2B355700E39C3A /* Assets.xcassets in Resources */,
				521F61041C2B355700E39C3A /* MainMenu.xib in Resources */,
				521F61201C2B375F00E39C3A /* LoginViewController.xib in Resources */,
			);
			runOnlyForDeploymentPostprocessing = 0;
		};
		521F61081C2B355700E39C3A /* Resources */ = {
			isa = PBXResourcesBuildPhase;
			buildActionMask = 2147483647;
			files = (
			);
			runOnlyForDeploymentPostprocessing = 0;
		};
/* End PBXResourcesBuildPhase section */

/* Begin PBXSourcesBuildPhase section */
		521F60F71C2B355700E39C3A /* Sources */ = {
			isa = PBXSourcesBuildPhase;
			buildActionMask = 2147483647;
			files = (
				521F61341C2B379B00E39C3A /* Vehicle.swift in Sources */,
				521F612E1C2B379B00E39C3A /* Credentials.swift in Sources */,
				521F612D1C2B379B00E39C3A /* ConnectedDriveEnums.swift in Sources */,
				521F61321C2B379B00E39C3A /* Router.swift in Sources */,
				521F61351C2B379B00E39C3A /* VehicleError.swift in Sources */,
				521F612C1C2B379B00E39C3A /* ConnectedDrive.swift in Sources */,
				521F612F1C2B379B00E39C3A /* Decodable.swift in Sources */,
				521F61331C2B379B00E39C3A /* Serializer.swift in Sources */,
				521F61361C2B379B00E39C3A /* VehicleStatus.swift in Sources */,
				521F611F1C2B375F00E39C3A /* LoginViewController.swift in Sources */,
				521F61301C2B379B00E39C3A /* Keychain.swift in Sources */,
				521F60FF1C2B355700E39C3A /* AppDelegate.swift in Sources */,
				521F61311C2B379B00E39C3A /* RangeMap.swift in Sources */,
				521F611C1C2B374200E39C3A /* EventMonitor.swift in Sources */,
			);
			runOnlyForDeploymentPostprocessing = 0;
		};
		521F61061C2B355700E39C3A /* Sources */ = {
			isa = PBXSourcesBuildPhase;
			buildActionMask = 2147483647;
			files = (
				521F610F1C2B355700E39C3A /* ExampleOSXTests.swift in Sources */,
			);
			runOnlyForDeploymentPostprocessing = 0;
		};
/* End PBXSourcesBuildPhase section */

/* Begin PBXTargetDependency section */
		521F610C1C2B355700E39C3A /* PBXTargetDependency */ = {
			isa = PBXTargetDependency;
			target = 521F60FA1C2B355700E39C3A /* ExampleOSX */;
			targetProxy = 521F610B1C2B355700E39C3A /* PBXContainerItemProxy */;
		};
/* End PBXTargetDependency section */

/* Begin PBXVariantGroup section */
		521F61021C2B355700E39C3A /* MainMenu.xib */ = {
			isa = PBXVariantGroup;
			children = (
				521F61031C2B355700E39C3A /* Base */,
			);
			name = MainMenu.xib;
			sourceTree = "<group>";
		};
/* End PBXVariantGroup section */

/* Begin XCBuildConfiguration section */
		521F61111C2B355700E39C3A /* Debug */ = {
			isa = XCBuildConfiguration;
			buildSettings = {
				ALWAYS_SEARCH_USER_PATHS = NO;
				CLANG_CXX_LANGUAGE_STANDARD = "gnu++0x";
				CLANG_CXX_LIBRARY = "libc++";
				CLANG_ENABLE_MODULES = YES;
				CLANG_ENABLE_OBJC_ARC = YES;
				CLANG_WARN_BOOL_CONVERSION = YES;
				CLANG_WARN_CONSTANT_CONVERSION = YES;
				CLANG_WARN_DIRECT_OBJC_ISA_USAGE = YES_ERROR;
				CLANG_WARN_EMPTY_BODY = YES;
				CLANG_WARN_ENUM_CONVERSION = YES;
				CLANG_WARN_INT_CONVERSION = YES;
				CLANG_WARN_OBJC_ROOT_CLASS = YES_ERROR;
				CLANG_WARN_UNREACHABLE_CODE = YES;
				CLANG_WARN__DUPLICATE_METHOD_MATCH = YES;
				CODE_SIGN_IDENTITY = "-";
				COPY_PHASE_STRIP = NO;
				DEBUG_INFORMATION_FORMAT = dwarf;
				ENABLE_STRICT_OBJC_MSGSEND = YES;
				ENABLE_TESTABILITY = YES;
				GCC_C_LANGUAGE_STANDARD = gnu99;
				GCC_DYNAMIC_NO_PIC = NO;
				GCC_NO_COMMON_BLOCKS = YES;
				GCC_OPTIMIZATION_LEVEL = 0;
				GCC_PREPROCESSOR_DEFINITIONS = (
					"DEBUG=1",
					"$(inherited)",
				);
				GCC_WARN_64_TO_32_BIT_CONVERSION = YES;
				GCC_WARN_ABOUT_RETURN_TYPE = YES_ERROR;
				GCC_WARN_UNDECLARED_SELECTOR = YES;
				GCC_WARN_UNINITIALIZED_AUTOS = YES_AGGRESSIVE;
				GCC_WARN_UNUSED_FUNCTION = YES;
				GCC_WARN_UNUSED_VARIABLE = YES;
				MACOSX_DEPLOYMENT_TARGET = 10.11;
				MTL_ENABLE_DEBUG_INFO = YES;
				ONLY_ACTIVE_ARCH = YES;
				SDKROOT = macosx;
				SWIFT_OPTIMIZATION_LEVEL = "-Onone";
			};
			name = Debug;
		};
		521F61121C2B355700E39C3A /* Release */ = {
			isa = XCBuildConfiguration;
			buildSettings = {
				ALWAYS_SEARCH_USER_PATHS = NO;
				CLANG_CXX_LANGUAGE_STANDARD = "gnu++0x";
				CLANG_CXX_LIBRARY = "libc++";
				CLANG_ENABLE_MODULES = YES;
				CLANG_ENABLE_OBJC_ARC = YES;
				CLANG_WARN_BOOL_CONVERSION = YES;
				CLANG_WARN_CONSTANT_CONVERSION = YES;
				CLANG_WARN_DIRECT_OBJC_ISA_USAGE = YES_ERROR;
				CLANG_WARN_EMPTY_BODY = YES;
				CLANG_WARN_ENUM_CONVERSION = YES;
				CLANG_WARN_INT_CONVERSION = YES;
				CLANG_WARN_OBJC_ROOT_CLASS = YES_ERROR;
				CLANG_WARN_UNREACHABLE_CODE = YES;
				CLANG_WARN__DUPLICATE_METHOD_MATCH = YES;
				CODE_SIGN_IDENTITY = "-";
				COPY_PHASE_STRIP = NO;
				DEBUG_INFORMATION_FORMAT = "dwarf-with-dsym";
				ENABLE_NS_ASSERTIONS = NO;
				ENABLE_STRICT_OBJC_MSGSEND = YES;
				GCC_C_LANGUAGE_STANDARD = gnu99;
				GCC_NO_COMMON_BLOCKS = YES;
				GCC_WARN_64_TO_32_BIT_CONVERSION = YES;
				GCC_WARN_ABOUT_RETURN_TYPE = YES_ERROR;
				GCC_WARN_UNDECLARED_SELECTOR = YES;
				GCC_WARN_UNINITIALIZED_AUTOS = YES_AGGRESSIVE;
				GCC_WARN_UNUSED_FUNCTION = YES;
				GCC_WARN_UNUSED_VARIABLE = YES;
				MACOSX_DEPLOYMENT_TARGET = 10.11;
				MTL_ENABLE_DEBUG_INFO = NO;
				SDKROOT = macosx;
			};
			name = Release;
		};
		521F61141C2B355700E39C3A /* Debug */ = {
			isa = XCBuildConfiguration;
			buildSettings = {
				ASSETCATALOG_COMPILER_APPICON_NAME = AppIcon;
				COMBINE_HIDPI_IMAGES = YES;
				INFOPLIST_FILE = ExampleOSX/Info.plist;
				LD_RUNPATH_SEARCH_PATHS = "$(inherited) @executable_path/../Frameworks";
				PRODUCT_BUNDLE_IDENTIFIER = com.ronaldmannak.ExampleOSX;
				PRODUCT_NAME = "$(TARGET_NAME)";
			};
			name = Debug;
		};
		521F61151C2B355700E39C3A /* Release */ = {
			isa = XCBuildConfiguration;
			buildSettings = {
				ASSETCATALOG_COMPILER_APPICON_NAME = AppIcon;
				COMBINE_HIDPI_IMAGES = YES;
				INFOPLIST_FILE = ExampleOSX/Info.plist;
				LD_RUNPATH_SEARCH_PATHS = "$(inherited) @executable_path/../Frameworks";
				PRODUCT_BUNDLE_IDENTIFIER = com.ronaldmannak.ExampleOSX;
				PRODUCT_NAME = "$(TARGET_NAME)";
			};
			name = Release;
		};
		521F61171C2B355700E39C3A /* Debug */ = {
			isa = XCBuildConfiguration;
			buildSettings = {
				BUNDLE_LOADER = "$(TEST_HOST)";
				COMBINE_HIDPI_IMAGES = YES;
				INFOPLIST_FILE = ExampleOSXTests/Info.plist;
				LD_RUNPATH_SEARCH_PATHS = "$(inherited) @executable_path/../Frameworks @loader_path/../Frameworks";
				PRODUCT_BUNDLE_IDENTIFIER = com.ronaldmannak.ExampleOSXTests;
				PRODUCT_NAME = "$(TARGET_NAME)";
				TEST_HOST = "$(BUILT_PRODUCTS_DIR)/ExampleOSX.app/Contents/MacOS/ExampleOSX";
			};
			name = Debug;
		};
		521F61181C2B355700E39C3A /* Release */ = {
			isa = XCBuildConfiguration;
			buildSettings = {
				BUNDLE_LOADER = "$(TEST_HOST)";
				COMBINE_HIDPI_IMAGES = YES;
				INFOPLIST_FILE = ExampleOSXTests/Info.plist;
				LD_RUNPATH_SEARCH_PATHS = "$(inherited) @executable_path/../Frameworks @loader_path/../Frameworks";
				PRODUCT_BUNDLE_IDENTIFIER = com.ronaldmannak.ExampleOSXTests;
				PRODUCT_NAME = "$(TARGET_NAME)";
				TEST_HOST = "$(BUILT_PRODUCTS_DIR)/ExampleOSX.app/Contents/MacOS/ExampleOSX";
			};
			name = Release;
		};
/* End XCBuildConfiguration section */

/* Begin XCConfigurationList section */
		521F60F61C2B355700E39C3A /* Build configuration list for PBXProject "ExampleOSX" */ = {
			isa = XCConfigurationList;
			buildConfigurations = (
				521F61111C2B355700E39C3A /* Debug */,
				521F61121C2B355700E39C3A /* Release */,
			);
			defaultConfigurationIsVisible = 0;
			defaultConfigurationName = Release;
		};
		521F61131C2B355700E39C3A /* Build configuration list for PBXNativeTarget "ExampleOSX" */ = {
			isa = XCConfigurationList;
			buildConfigurations = (
				521F61141C2B355700E39C3A /* Debug */,
				521F61151C2B355700E39C3A /* Release */,
			);
			defaultConfigurationIsVisible = 0;
			defaultConfigurationName = Release;
		};
		521F61161C2B355700E39C3A /* Build configuration list for PBXNativeTarget "ExampleOSXTests" */ = {
			isa = XCConfigurationList;
			buildConfigurations = (
				521F61171C2B355700E39C3A /* Debug */,
				521F61181C2B355700E39C3A /* Release */,
			);
			defaultConfigurationIsVisible = 0;
			defaultConfigurationName = Release;
		};
/* End XCConfigurationList section */
	};
	rootObject = 521F60F31C2B355700E39C3A /* Project object */;
}
